
Microsoft Visual Studio Solution File, Format Version 11.00
# Visual Studio 2010
Project("{FAE04EC0-301F-11D3-BF4B-00C04F79EFBC}") = "Arrows and Bloons Scratch", "Assembly-CSharp.csproj", "{D947ED5C-3D3D-F03B-C41B-3C550646BCE1}"
EndProject
Project("{FAE04EC0-301F-11D3-BF4B-00C04F79EFBC}") = "Arrows and Bloons Scratch", "Assembly-CSharp-Editor.csproj", "{59778AB3-841B-D2C2-3E30-539D7B63939B}"
EndProject
Global
	GlobalSection(SolutionConfigurationPlatforms) = preSolution
		Debug|Any CPU = Debug|Any CPU
		Release|Any CPU = Release|Any CPU
	EndGlobalSection
	GlobalSection(ProjectConfigurationPlatforms) = postSolution
		{D947ED5C-3D3D-F03B-C41B-3C550646BCE1}.Debug|Any CPU.ActiveCfg = Debug|Any CPU
		{D947ED5C-3D3D-F03B-C41B-3C550646BCE1}.Debug|Any CPU.Build.0 = Debug|Any CPU
		{D947ED5C-3D3D-F03B-C41B-3C550646BCE1}.Release|Any CPU.ActiveCfg = Release|Any CPU
		{D947ED5C-3D3D-F03B-C41B-3C550646BCE1}.Release|Any CPU.Build.0 = Release|Any CPU
		{59778AB3-841B-D2C2-3E30-539D7B63939B}.Debug|Any CPU.ActiveCfg = Debug|Any CPU
		{59778AB3-841B-D2C2-3E30-539D7B63939B}.Debug|Any CPU.Build.0 = Debug|Any CPU
		{59778AB3-841B-D2C2-3E30-539D7B63939B}.Release|Any CPU.ActiveCfg = Release|Any CPU
		{59778AB3-841B-D2C2-3E30-539D7B63939B}.Release|Any CPU.Build.0 = Release|Any CPU
	EndGlobalSection
	GlobalSection(SolutionProperties) = preSolution
		HideSolutionNode = FALSE
	EndGlobalSection
	GlobalSection(MonoDevelopProperties) = preSolution
		StartupItem = Assembly-CSharp.csproj
	EndGlobalSection
EndGlobal
